
Microsoft Visual Studio Solution File, Format Version 12.00
# Visual Studio Version 16
VisualStudioVersion = 16.0.31727.386
MinimumVisualStudioVersion = 10.0.40219.1
Project("{9A19103F-16F7-4668-BE54-9A1E7A4F7556}") = "MovieAPI", "MovieAPI.csproj", "{5AB98FD1-3038-49AE-BD51-FD6B025F5E1B}"
EndProject
Project("{9A19103F-16F7-4668-BE54-9A1E7A4F7556}") = "MovieServiceAPITests_NUnit", "..\MovieServiceAPITests_NUnit\MovieServiceAPITests_NUnit.csproj", "{313DDF0E-B76E-44BC-916D-038AEA552415}"
EndProject
Global
	GlobalSection(SolutionConfigurationPlatforms) = preSolution
		Debug|Any CPU = Debug|Any CPU
		Release|Any CPU = Release|Any CPU
	EndGlobalSection
	GlobalSection(ProjectConfigurationPlatforms) = postSolution
		{5AB98FD1-3038-49AE-BD51-FD6B025F5E1B}.Debug|Any CPU.ActiveCfg = Debug|Any CPU
		{5AB98FD1-3038-49AE-BD51-FD6B025F5E1B}.Debug|Any CPU.Build.0 = Debug|Any CPU
		{5AB98FD1-3038-49AE-BD51-FD6B025F5E1B}.Release|Any CPU.ActiveCfg = Release|Any CPU
		{5AB98FD1-3038-49AE-BD51-FD6B025F5E1B}.Release|Any CPU.Build.0 = Release|Any CPU
		{313DDF0E-B76E-44BC-916D-038AEA552415}.Debug|Any CPU.ActiveCfg = Debug|Any CPU
		{313DDF0E-B76E-44BC-916D-038AEA552415}.Debug|Any CPU.Build.0 = Debug|Any CPU
		{313DDF0E-B76E-44BC-916D-038AEA552415}.Release|Any CPU.ActiveCfg = Release|Any CPU
		{313DDF0E-B76E-44BC-916D-038AEA552415}.Release|Any CPU.Build.0 = Release|Any CPU
	EndGlobalSection
	GlobalSection(SolutionProperties) = preSolution
		HideSolutionNode = FALSE
	EndGlobalSection
	GlobalSection(ExtensibilityGlobals) = postSolution
		SolutionGuid = {646CEC75-D098-42E0-8676-A300B41A98FD}
	EndGlobalSection
EndGlobal
